// !$*UTF8*$!
{
	archiveVersion = 1;
	classes = {
	};
	objectVersion = 56;
	objects = {

/* Begin PBXBuildFile section */
		5135593F2940888F00CA53BC /* SettingsViewController.swift in Sources */ = {isa = PBXBuildFile; fileRef = 5135593E2940888F00CA53BC /* SettingsViewController.swift */; };
		519BFFCD293631730027BF78 /* AppDelegate.swift in Sources */ = {isa = PBXBuildFile; fileRef = 519BFFCC293631730027BF78 /* AppDelegate.swift */; };
		519BFFCF293631730027BF78 /* SceneDelegate.swift in Sources */ = {isa = PBXBuildFile; fileRef = 519BFFCE293631730027BF78 /* SceneDelegate.swift */; };
		519BFFD1293631730027BF78 /* ViewController.swift in Sources */ = {isa = PBXBuildFile; fileRef = 519BFFD0293631730027BF78 /* ViewController.swift */; };
		519BFFD4293631730027BF78 /* Main.storyboard in Resources */ = {isa = PBXBuildFile; fileRef = 519BFFD2293631730027BF78 /* Main.storyboard */; };
		519BFFD6293631790027BF78 /* Assets.xcassets in Resources */ = {isa = PBXBuildFile; fileRef = 519BFFD5293631790027BF78 /* Assets.xcassets */; };
		519BFFD9293631790027BF78 /* LaunchScreen.storyboard in Resources */ = {isa = PBXBuildFile; fileRef = 519BFFD7293631790027BF78 /* LaunchScreen.storyboard */; };
		519BFFE42936317A0027BF78 /* TicTacToeTests.swift in Sources */ = {isa = PBXBuildFile; fileRef = 519BFFE32936317A0027BF78 /* TicTacToeTests.swift */; };
		519BFFEE2936317A0027BF78 /* TicTacToeUITests.swift in Sources */ = {isa = PBXBuildFile; fileRef = 519BFFED2936317A0027BF78 /* TicTacToeUITests.swift */; };
		519BFFF02936317A0027BF78 /* TicTacToeUITestsLaunchTests.swift in Sources */ = {isa = PBXBuildFile; fileRef = 519BFFEF2936317A0027BF78 /* TicTacToeUITestsLaunchTests.swift */; };
		51EC3AF92938D595006D61F9 /* Game.swift in Sources */ = {isa = PBXBuildFile; fileRef = 51EC3AF82938D595006D61F9 /* Game.swift */; };
/* End PBXBuildFile section */

/* Begin PBXContainerItemProxy section */
		519BFFE02936317A0027BF78 /* PBXContainerItemProxy */ = {
			isa = PBXContainerItemProxy;
			containerPortal = 519BFFC1293631730027BF78 /* Project object */;
			proxyType = 1;
			remoteGlobalIDString = 519BFFC8293631730027BF78;
			remoteInfo = TicTacToe;
		};
		519BFFEA2936317A0027BF78 /* PBXContainerItemProxy */ = {
			isa = PBXContainerItemProxy;
			containerPortal = 519BFFC1293631730027BF78 /* Project object */;
			proxyType = 1;
			remoteGlobalIDString = 519BFFC8293631730027BF78;
			remoteInfo = TicTacToe;
		};
/* End PBXContainerItemProxy section */

/* Begin PBXFileReference section */
		5135593E2940888F00CA53BC /* SettingsViewController.swift */ = {isa = PBXFileReference; lastKnownFileType = sourcecode.swift; path = SettingsViewController.swift; sourceTree = "<group>"; };
		519BFFC9293631730027BF78 /* TicTacToe.app */ = {isa = PBXFileReference; explicitFileType = wrapper.application; includeInIndex = 0; path = TicTacToe.app; sourceTree = BUILT_PRODUCTS_DIR; };
		519BFFCC293631730027BF78 /* AppDelegate.swift */ = {isa = PBXFileReference; lastKnownFileType = sourcecode.swift; path = AppDelegate.swift; sourceTree = "<group>"; };
		519BFFCE293631730027BF78 /* SceneDelegate.swift */ = {isa = PBXFileReference; lastKnownFileType = sourcecode.swift; path = SceneDelegate.swift; sourceTree = "<group>"; };
		519BFFD0293631730027BF78 /* ViewController.swift */ = {isa = PBXFileReference; lastKnownFileType = sourcecode.swift; path = ViewController.swift; sourceTree = "<group>"; };
		519BFFD3293631730027BF78 /* Base */ = {isa = PBXFileReference; lastKnownFileType = file.storyboard; name = Base; path = Base.lproj/Main.storyboard; sourceTree = "<group>"; };
		519BFFD5293631790027BF78 /* Assets.xcassets */ = {isa = PBXFileReference; lastKnownFileType = folder.assetcatalog; path = Assets.xcassets; sourceTree = "<group>"; };
		519BFFD8293631790027BF78 /* Base */ = {isa = PBXFileReference; lastKnownFileType = file.storyboard; name = Base; path = Base.lproj/LaunchScreen.storyboard; sourceTree = "<group>"; };
		519BFFDA293631790027BF78 /* Info.plist */ = {isa = PBXFileReference; lastKnownFileType = text.plist.xml; path = Info.plist; sourceTree = "<group>"; };
		519BFFDF2936317A0027BF78 /* TicTacToeTests.xctest */ = {isa = PBXFileReference; explicitFileType = wrapper.cfbundle; includeInIndex = 0; path = TicTacToeTests.xctest; sourceTree = BUILT_PRODUCTS_DIR; };
		519BFFE32936317A0027BF78 /* TicTacToeTests.swift */ = {isa = PBXFileReference; lastKnownFileType = sourcecode.swift; path = TicTacToeTests.swift; sourceTree = "<group>"; };
		519BFFE92936317A0027BF78 /* TicTacToeUITests.xctest */ = {isa = PBXFileReference; explicitFileType = wrapper.cfbundle; includeInIndex = 0; path = TicTacToeUITests.xctest; sourceTree = BUILT_PRODUCTS_DIR; };
		519BFFED2936317A0027BF78 /* TicTacToeUITests.swift */ = {isa = PBXFileReference; lastKnownFileType = sourcecode.swift; path = TicTacToeUITests.swift; sourceTree = "<group>"; };
		519BFFEF2936317A0027BF78 /* TicTacToeUITestsLaunchTests.swift */ = {isa = PBXFileReference; lastKnownFileType = sourcecode.swift; path = TicTacToeUITestsLaunchTests.swift; sourceTree = "<group>"; };
		51EC3AF82938D595006D61F9 /* Game.swift */ = {isa = PBXFileReference; lastKnownFileType = sourcecode.swift; path = Game.swift; sourceTree = "<group>"; };
/* End PBXFileReference section */

/* Begin PBXFrameworksBuildPhase section */
		519BFFC6293631730027BF78 /* Frameworks */ = {
			isa = PBXFrameworksBuildPhase;
			buildActionMask = 2147483647;
			files = (
			);
			runOnlyForDeploymentPostprocessing = 0;
		};
		519BFFDC2936317A0027BF78 /* Frameworks */ = {
			isa = PBXFrameworksBuildPhase;
			buildActionMask = 2147483647;
			files = (
			);
			runOnlyForDeploymentPostprocessing = 0;
		};
		519BFFE62936317A0027BF78 /* Frameworks */ = {
			isa = PBXFrameworksBuildPhase;
			buildActionMask = 2147483647;
			files = (
			);
			runOnlyForDeploymentPostprocessing = 0;
		};
/* End PBXFrameworksBuildPhase section */

/* Begin PBXGroup section */
		519BFFC0293631730027BF78 = {
			isa = PBXGroup;
			children = (
				519BFFCB293631730027BF78 /* TicTacToe */,
				519BFFE22936317A0027BF78 /* TicTacToeTests */,
				519BFFEC2936317A0027BF78 /* TicTacToeUITests */,
				519BFFCA293631730027BF78 /* Products */,
			);
			sourceTree = "<group>";
		};
		519BFFCA293631730027BF78 /* Products */ = {
			isa = PBXGroup;
			children = (
				519BFFC9293631730027BF78 /* TicTacToe.app */,
				519BFFDF2936317A0027BF78 /* TicTacToeTests.xctest */,
				519BFFE92936317A0027BF78 /* TicTacToeUITests.xctest */,
			);
			name = Products;
			sourceTree = "<group>";
		};
		519BFFCB293631730027BF78 /* TicTacToe */ = {
			isa = PBXGroup;
			children = (
				51EC3AF72938D13A006D61F9 /* ViewControllers */,
				51EC3AF42938D024006D61F9 /* Model */,
				519BFFCC293631730027BF78 /* AppDelegate.swift */,
				519BFFCE293631730027BF78 /* SceneDelegate.swift */,
				519BFFD2293631730027BF78 /* Main.storyboard */,
				519BFFD5293631790027BF78 /* Assets.xcassets */,
				519BFFD7293631790027BF78 /* LaunchScreen.storyboard */,
				519BFFDA293631790027BF78 /* Info.plist */,
			);
			path = TicTacToe;
			sourceTree = "<group>";
		};
		519BFFE22936317A0027BF78 /* TicTacToeTests */ = {
			isa = PBXGroup;
			children = (
				519BFFE32936317A0027BF78 /* TicTacToeTests.swift */,
			);
			path = TicTacToeTests;
			sourceTree = "<group>";
		};
		519BFFEC2936317A0027BF78 /* TicTacToeUITests */ = {
			isa = PBXGroup;
			children = (
				519BFFED2936317A0027BF78 /* TicTacToeUITests.swift */,
				519BFFEF2936317A0027BF78 /* TicTacToeUITestsLaunchTests.swift */,
			);
			path = TicTacToeUITests;
			sourceTree = "<group>";
		};
		51EC3AF42938D024006D61F9 /* Model */ = {
			isa = PBXGroup;
			children = (
				51EC3AF82938D595006D61F9 /* Game.swift */,
			);
			path = Model;
			sourceTree = "<group>";
		};
		51EC3AF72938D13A006D61F9 /* ViewControllers */ = {
			isa = PBXGroup;
			children = (
				519BFFD0293631730027BF78 /* ViewController.swift */,
				5135593E2940888F00CA53BC /* SettingsViewController.swift */,
			);
			path = ViewControllers;
			sourceTree = "<group>";
		};
/* End PBXGroup section */

/* Begin PBXNativeTarget section */
		519BFFC8293631730027BF78 /* TicTacToe */ = {
			isa = PBXNativeTarget;
			buildConfigurationList = 519BFFF32936317A0027BF78 /* Build configuration list for PBXNativeTarget "TicTacToe" */;
			buildPhases = (
				519BFFC5293631730027BF78 /* Sources */,
				519BFFC6293631730027BF78 /* Frameworks */,
				519BFFC7293631730027BF78 /* Resources */,
			);
			buildRules = (
			);
			dependencies = (
			);
			name = TicTacToe;
			productName = TicTacToe;
			productReference = 519BFFC9293631730027BF78 /* TicTacToe.app */;
			productType = "com.apple.product-type.application";
		};
		519BFFDE2936317A0027BF78 /* TicTacToeTests */ = {
			isa = PBXNativeTarget;
			buildConfigurationList = 519BFFF62936317A0027BF78 /* Build configuration list for PBXNativeTarget "TicTacToeTests" */;
			buildPhases = (
				519BFFDB2936317A0027BF78 /* Sources */,
				519BFFDC2936317A0027BF78 /* Frameworks */,
				519BFFDD2936317A0027BF78 /* Resources */,
			);
			buildRules = (
			);
			dependencies = (
				519BFFE12936317A0027BF78 /* PBXTargetDependency */,
			);
			name = TicTacToeTests;
			productName = TicTacToeTests;
			productReference = 519BFFDF2936317A0027BF78 /* TicTacToeTests.xctest */;
			productType = "com.apple.product-type.bundle.unit-test";
		};
		519BFFE82936317A0027BF78 /* TicTacToeUITests */ = {
			isa = PBXNativeTarget;
			buildConfigurationList = 519BFFF92936317A0027BF78 /* Build configuration list for PBXNativeTarget "TicTacToeUITests" */;
			buildPhases = (
				519BFFE52936317A0027BF78 /* Sources */,
				519BFFE62936317A0027BF78 /* Frameworks */,
				519BFFE72936317A0027BF78 /* Resources */,
			);
			buildRules = (
			);
			dependencies = (
				519BFFEB2936317A0027BF78 /* PBXTargetDependency */,
			);
			name = TicTacToeUITests;
			productName = TicTacToeUITests;
			productReference = 519BFFE92936317A0027BF78 /* TicTacToeUITests.xctest */;
			productType = "com.apple.product-type.bundle.ui-testing";
		};
/* End PBXNativeTarget section */

/* Begin PBXProject section */
		519BFFC1293631730027BF78 /* Project object */ = {
			isa = PBXProject;
			attributes = {
				BuildIndependentTargetsInParallel = 1;
				LastSwiftUpdateCheck = 1410;
				LastUpgradeCheck = 1410;
				TargetAttributes = {
					519BFFC8293631730027BF78 = {
						CreatedOnToolsVersion = 14.1;
					};
					519BFFDE2936317A0027BF78 = {
						CreatedOnToolsVersion = 14.1;
						TestTargetID = 519BFFC8293631730027BF78;
					};
					519BFFE82936317A0027BF78 = {
						CreatedOnToolsVersion = 14.1;
						TestTargetID = 519BFFC8293631730027BF78;
					};
				};
			};
			buildConfigurationList = 519BFFC4293631730027BF78 /* Build configuration list for PBXProject "TicTacToe" */;
			compatibilityVersion = "Xcode 14.0";
			developmentRegion = en;
			hasScannedForEncodings = 0;
			knownRegions = (
				en,
				Base,
			);
			mainGroup = 519BFFC0293631730027BF78;
			productRefGroup = 519BFFCA293631730027BF78 /* Products */;
			projectDirPath = "";
			projectRoot = "";
			targets = (
				519BFFC8293631730027BF78 /* TicTacToe */,
				519BFFDE2936317A0027BF78 /* TicTacToeTests */,
				519BFFE82936317A0027BF78 /* TicTacToeUITests */,
			);
		};
/* End PBXProject section */

/* Begin PBXResourcesBuildPhase section */
		519BFFC7293631730027BF78 /* Resources */ = {
			isa = PBXResourcesBuildPhase;
			buildActionMask = 2147483647;
			files = (
				519BFFD9293631790027BF78 /* LaunchScreen.storyboard in Resources */,
				519BFFD6293631790027BF78 /* Assets.xcassets in Resources */,
				519BFFD4293631730027BF78 /* Main.storyboard in Resources */,
			);
			runOnlyForDeploymentPostprocessing = 0;
		};
		519BFFDD2936317A0027BF78 /* Resources */ = {
			isa = PBXResourcesBuildPhase;
			buildActionMask = 2147483647;
			files = (
			);
			runOnlyForDeploymentPostprocessing = 0;
		};
		519BFFE72936317A0027BF78 /* Resources */ = {
			isa = PBXResourcesBuildPhase;
			buildActionMask = 2147483647;
			files = (
			);
			runOnlyForDeploymentPostprocessing = 0;
		};
/* End PBXResourcesBuildPhase section */

/* Begin PBXSourcesBuildPhase section */
		519BFFC5293631730027BF78 /* Sources */ = {
			isa = PBXSourcesBuildPhase;
			buildActionMask = 2147483647;
			files = (
				519BFFD1293631730027BF78 /* ViewController.swift in Sources */,
				519BFFCD293631730027BF78 /* AppDelegate.swift in Sources */,
				519BFFCF293631730027BF78 /* SceneDelegate.swift in Sources */,
				5135593F2940888F00CA53BC /* SettingsViewController.swift in Sources */,
				51EC3AF92938D595006D61F9 /* Game.swift in Sources */,
			);
			runOnlyForDeploymentPostprocessing = 0;
		};
		519BFFDB2936317A0027BF78 /* Sources */ = {
			isa = PBXSourcesBuildPhase;
			buildActionMask = 2147483647;
			files = (
				519BFFE42936317A0027BF78 /* TicTacToeTests.swift in Sources */,
			);
			runOnlyForDeploymentPostprocessing = 0;
		};
		519BFFE52936317A0027BF78 /* Sources */ = {
			isa = PBXSourcesBuildPhase;
			buildActionMask = 2147483647;
			files = (
				519BFFEE2936317A0027BF78 /* TicTacToeUITests.swift in Sources */,
				519BFFF02936317A0027BF78 /* TicTacToeUITestsLaunchTests.swift in Sources */,
			);
			runOnlyForDeploymentPostprocessing = 0;
		};
/* End PBXSourcesBuildPhase section */

/* Begin PBXTargetDependency section */
		519BFFE12936317A0027BF78 /* PBXTargetDependency */ = {
			isa = PBXTargetDependency;
			target = 519BFFC8293631730027BF78 /* TicTacToe */;
			targetProxy = 519BFFE02936317A0027BF78 /* PBXContainerItemProxy */;
		};
		519BFFEB2936317A0027BF78 /* PBXTargetDependency */ = {
			isa = PBXTargetDependency;
			target = 519BFFC8293631730027BF78 /* TicTacToe */;
			targetProxy = 519BFFEA2936317A0027BF78 /* PBXContainerItemProxy */;
		};
/* End PBXTargetDependency section */

/* Begin PBXVariantGroup section */
		519BFFD2293631730027BF78 /* Main.storyboard */ = {
			isa = PBXVariantGroup;
			children = (
				519BFFD3293631730027BF78 /* Base */,
			);
			name = Main.storyboard;
			sourceTree = "<group>";
		};
		519BFFD7293631790027BF78 /* LaunchScreen.storyboard */ = {
			isa = PBXVariantGroup;
			children = (
				519BFFD8293631790027BF78 /* Base */,
			);
			name = LaunchScreen.storyboard;
			sourceTree = "<group>";
		};
/* End PBXVariantGroup section */

/* Begin XCBuildConfiguration section */
		519BFFF12936317A0027BF78 /* Debug */ = {
			isa = XCBuildConfiguration;
			buildSettings = {
				ALWAYS_SEARCH_USER_PATHS = NO;
				CLANG_ANALYZER_NONNULL = YES;
				CLANG_ANALYZER_NUMBER_OBJECT_CONVERSION = YES_AGGRESSIVE;
				CLANG_CXX_LANGUAGE_STANDARD = "gnu++20";
				CLANG_ENABLE_MODULES = YES;
				CLANG_ENABLE_OBJC_ARC = YES;
				CLANG_ENABLE_OBJC_WEAK = YES;
				CLANG_WARN_BLOCK_CAPTURE_AUTORELEASING = YES;
				CLANG_WARN_BOOL_CONVERSION = YES;
				CLANG_WARN_COMMA = YES;
				CLANG_WARN_CONSTANT_CONVERSION = YES;
				CLANG_WARN_DEPRECATED_OBJC_IMPLEMENTATIONS = YES;
				CLANG_WARN_DIRECT_OBJC_ISA_USAGE = YES_ERROR;
				CLANG_WARN_DOCUMENTATION_COMMENTS = YES;
				CLANG_WARN_EMPTY_BODY = YES;
				CLANG_WARN_ENUM_CONVERSION = YES;
				CLANG_WARN_INFINITE_RECURSION = YES;
				CLANG_WARN_INT_CONVERSION = YES;
				CLANG_WARN_NON_LITERAL_NULL_CONVERSION = YES;
				CLANG_WARN_OBJC_IMPLICIT_RETAIN_SELF = YES;
				CLANG_WARN_OBJC_LITERAL_CONVERSION = YES;
				CLANG_WARN_OBJC_ROOT_CLASS = YES_ERROR;
				CLANG_WARN_QUOTED_INCLUDE_IN_FRAMEWORK_HEADER = YES;
				CLANG_WARN_RANGE_LOOP_ANALYSIS = YES;
				CLANG_WARN_STRICT_PROTOTYPES = YES;
				CLANG_WARN_SUSPICIOUS_MOVE = YES;
				CLANG_WARN_UNGUARDED_AVAILABILITY = YES_AGGRESSIVE;
				CLANG_WARN_UNREACHABLE_CODE = YES;
				CLANG_WARN__DUPLICATE_METHOD_MATCH = YES;
				COPY_PHASE_STRIP = NO;
				DEBUG_INFORMATION_FORMAT = dwarf;
				ENABLE_STRICT_OBJC_MSGSEND = YES;
				ENABLE_TESTABILITY = YES;
				GCC_C_LANGUAGE_STANDARD = gnu11;
				GCC_DYNAMIC_NO_PIC = NO;
				GCC_NO_COMMON_BLOCKS = YES;
				GCC_OPTIMIZATION_LEVEL = 0;
				GCC_PREPROCESSOR_DEFINITIONS = (
					"DEBUG=1",
					"$(inherited)",
				);
				GCC_WARN_64_TO_32_BIT_CONVERSION = YES;
				GCC_WARN_ABOUT_RETURN_TYPE = YES_ERROR;
				GCC_WARN_UNDECLARED_SELECTOR = YES;
				GCC_WARN_UNINITIALIZED_AUTOS = YES_AGGRESSIVE;
				GCC_WARN_UNUSED_FUNCTION = YES;
				GCC_WARN_UNUSED_VARIABLE = YES;
				IPHONEOS_DEPLOYMENT_TARGET = 16.1;
				MTL_ENABLE_DEBUG_INFO = INCLUDE_SOURCE;
				MTL_FAST_MATH = YES;
				ONLY_ACTIVE_ARCH = YES;
				SDKROOT = iphoneos;
				SWIFT_ACTIVE_COMPILATION_CONDITIONS = DEBUG;
				SWIFT_OPTIMIZATION_LEVEL = "-Onone";
			};
			name = Debug;
		};
		519BFFF22936317A0027BF78 /* Release */ = {
			isa = XCBuildConfiguration;
			buildSettings = {
				ALWAYS_SEARCH_USER_PATHS = NO;
				CLANG_ANALYZER_NONNULL = YES;
				CLANG_ANALYZER_NUMBER_OBJECT_CONVERSION = YES_AGGRESSIVE;
				CLANG_CXX_LANGUAGE_STANDARD = "gnu++20";
				CLANG_ENABLE_MODULES = YES;
				CLANG_ENABLE_OBJC_ARC = YES;
				CLANG_ENABLE_OBJC_WEAK = YES;
				CLANG_WARN_BLOCK_CAPTURE_AUTORELEASING = YES;
				CLANG_WARN_BOOL_CONVERSION = YES;
				CLANG_WARN_COMMA = YES;
				CLANG_WARN_CONSTANT_CONVERSION = YES;
				CLANG_WARN_DEPRECATED_OBJC_IMPLEMENTATIONS = YES;
				CLANG_WARN_DIRECT_OBJC_ISA_USAGE = YES_ERROR;
				CLANG_WARN_DOCUMENTATION_COMMENTS = YES;
				CLANG_WARN_EMPTY_BODY = YES;
				CLANG_WARN_ENUM_CONVERSION = YES;
				CLANG_WARN_INFINITE_RECURSION = YES;
				CLANG_WARN_INT_CONVERSION = YES;
				CLANG_WARN_NON_LITERAL_NULL_CONVERSION = YES;
				CLANG_WARN_OBJC_IMPLICIT_RETAIN_SELF = YES;
				CLANG_WARN_OBJC_LITERAL_CONVERSION = YES;
				CLANG_WARN_OBJC_ROOT_CLASS = YES_ERROR;
				CLANG_WARN_QUOTED_INCLUDE_IN_FRAMEWORK_HEADER = YES;
				CLANG_WARN_RANGE_LOOP_ANALYSIS = YES;
				CLANG_WARN_STRICT_PROTOTYPES = YES;
				CLANG_WARN_SUSPICIOUS_MOVE = YES;
				CLANG_WARN_UNGUARDED_AVAILABILITY = YES_AGGRESSIVE;
				CLANG_WARN_UNREACHABLE_CODE = YES;
				CLANG_WARN__DUPLICATE_METHOD_MATCH = YES;
				COPY_PHASE_STRIP = NO;
				DEBUG_INFORMATION_FORMAT = "dwarf-with-dsym";
				ENABLE_NS_ASSERTIONS = NO;
				ENABLE_STRICT_OBJC_MSGSEND = YES;
				GCC_C_LANGUAGE_STANDARD = gnu11;
				GCC_NO_COMMON_BLOCKS = YES;
				GCC_WARN_64_TO_32_BIT_CONVERSION = YES;
				GCC_WARN_ABOUT_RETURN_TYPE = YES_ERROR;
				GCC_WARN_UNDECLARED_SELECTOR = YES;
				GCC_WARN_UNINITIALIZED_AUTOS = YES_AGGRESSIVE;
				GCC_WARN_UNUSED_FUNCTION = YES;
				GCC_WARN_UNUSED_VARIABLE = YES;
				IPHONEOS_DEPLOYMENT_TARGET = 16.1;
				MTL_ENABLE_DEBUG_INFO = NO;
				MTL_FAST_MATH = YES;
				SDKROOT = iphoneos;
				SWIFT_COMPILATION_MODE = wholemodule;
				SWIFT_OPTIMIZATION_LEVEL = "-O";
				VALIDATE_PRODUCT = YES;
			};
			name = Release;
		};
		519BFFF42936317A0027BF78 /* Debug */ = {
			isa = XCBuildConfiguration;
			buildSettings = {
				ASSETCATALOG_COMPILER_APPICON_NAME = AppIcon;
				ASSETCATALOG_COMPILER_GLOBAL_ACCENT_COLOR_NAME = AccentColor;
				CODE_SIGN_STYLE = Automatic;
				CURRENT_PROJECT_VERSION = 1;
				GENERATE_INFOPLIST_FILE = YES;
				INFOPLIST_FILE = TicTacToe/Info.plist;
				INFOPLIST_KEY_UIApplicationSupportsIndirectInputEvents = YES;
				INFOPLIST_KEY_UILaunchStoryboardName = LaunchScreen;
				INFOPLIST_KEY_UIMainStoryboardFile = Main;
				INFOPLIST_KEY_UISupportedInterfaceOrientations_iPad = "UIInterfaceOrientationPortrait UIInterfaceOrientationPortraitUpsideDown UIInterfaceOrientationLandscapeLeft UIInterfaceOrientationLandscapeRight";
				INFOPLIST_KEY_UISupportedInterfaceOrientations_iPhone = "UIInterfaceOrientationPortrait UIInterfaceOrientationLandscapeLeft UIInterfaceOrientationLandscapeRight";
				LD_RUNPATH_SEARCH_PATHS = (
					"$(inherited)",
					"@executable_path/Frameworks",
				);
				MARKETING_VERSION = 1.0;
				PRODUCT_BUNDLE_IDENTIFIER = com.example.TicTacToe;
				PRODUCT_NAME = "$(TARGET_NAME)";
				SWIFT_EMIT_LOC_STRINGS = YES;
				SWIFT_VERSION = 5.0;
				TARGETED_DEVICE_FAMILY = "1,2";
			};
			name = Debug;
		};
		519BFFF52936317A0027BF78 /* Release */ = {
			isa = XCBuildConfiguration;
			buildSettings = {
				ASSETCATALOG_COMPILER_APPICON_NAME = AppIcon;
				ASSETCATALOG_COMPILER_GLOBAL_ACCENT_COLOR_NAME = AccentColor;
				CODE_SIGN_STYLE = Automatic;
				CURRENT_PROJECT_VERSION = 1;
				GENERATE_INFOPLIST_FILE = YES;
				INFOPLIST_FILE = TicTacToe/Info.plist;
				INFOPLIST_KEY_UIApplicationSupportsIndirectInputEvents = YES;
				INFOPLIST_KEY_UILaunchStoryboardName = LaunchScreen;
				INFOPLIST_KEY_UIMainStoryboardFile = Main;
				INFOPLIST_KEY_UISupportedInterfaceOrientations_iPad = "UIInterfaceOrientationPortrait UIInterfaceOrientationPortraitUpsideDown UIInterfaceOrientationLandscapeLeft UIInterfaceOrientationLandscapeRight";
				INFOPLIST_KEY_UISupportedInterfaceOrientations_iPhone = "UIInterfaceOrientationPortrait UIInterfaceOrientationLandscapeLeft UIInterfaceOrientationLandscapeRight";
				LD_RUNPATH_SEARCH_PATHS = (
					"$(inherited)",
					"@executable_path/Frameworks",
				);
				MARKETING_VERSION = 1.0;
				PRODUCT_BUNDLE_IDENTIFIER = com.example.TicTacToe;
				PRODUCT_NAME = "$(TARGET_NAME)";
				SWIFT_EMIT_LOC_STRINGS = YES;
				SWIFT_VERSION = 5.0;
				TARGETED_DEVICE_FAMILY = "1,2";
			};
			name = Release;
		};
		519BFFF72936317A0027BF78 /* Debug */ = {
			isa = XCBuildConfiguration;
			buildSettings = {
				ALWAYS_EMBED_SWIFT_STANDARD_LIBRARIES = YES;
				BUNDLE_LOADER = "$(TEST_HOST)";
				CODE_SIGN_STYLE = Automatic;
				CURRENT_PROJECT_VERSION = 1;
				GENERATE_INFOPLIST_FILE = YES;
				IPHONEOS_DEPLOYMENT_TARGET = 16.1;
				MARKETING_VERSION = 1.0;
				PRODUCT_BUNDLE_IDENTIFIER = com.example.TicTacToeTests;
				PRODUCT_NAME = "$(TARGET_NAME)";
				SWIFT_EMIT_LOC_STRINGS = NO;
				SWIFT_VERSION = 5.0;
				TARGETED_DEVICE_FAMILY = "1,2";
				TEST_HOST = "$(BUILT_PRODUCTS_DIR)/TicTacToe.app/$(BUNDLE_EXECUTABLE_FOLDER_PATH)/TicTacToe";
			};
			name = Debug;
		};
		519BFFF82936317A0027BF78 /* Release */ = {
			isa = XCBuildConfiguration;
			buildSettings = {
				ALWAYS_EMBED_SWIFT_STANDARD_LIBRARIES = YES;
				BUNDLE_LOADER = "$(TEST_HOST)";
				CODE_SIGN_STYLE = Automatic;
				CURRENT_PROJECT_VERSION = 1;
				GENERATE_INFOPLIST_FILE = YES;
				IPHONEOS_DEPLOYMENT_TARGET = 16.1;
				MARKETING_VERSION = 1.0;
				PRODUCT_BUNDLE_IDENTIFIER = com.example.TicTacToeTests;
				PRODUCT_NAME = "$(TARGET_NAME)";
				SWIFT_EMIT_LOC_STRINGS = NO;
				SWIFT_VERSION = 5.0;
				TARGETED_DEVICE_FAMILY = "1,2";
				TEST_HOST = "$(BUILT_PRODUCTS_DIR)/TicTacToe.app/$(BUNDLE_EXECUTABLE_FOLDER_PATH)/TicTacToe";
			};
			name = Release;
		};
		519BFFFA2936317A0027BF78 /* Debug */ = {
			isa = XCBuildConfiguration;
			buildSettings = {
				ALWAYS_EMBED_SWIFT_STANDARD_LIBRARIES = YES;
				CODE_SIGN_STYLE = Automatic;
				CURRENT_PROJECT_VERSION = 1;
				GENERATE_INFOPLIST_FILE = YES;
				MARKETING_VERSION = 1.0;
				PRODUCT_BUNDLE_IDENTIFIER = com.example.TicTacToeUITests;
				PRODUCT_NAME = "$(TARGET_NAME)";
				SWIFT_EMIT_LOC_STRINGS = NO;
				SWIFT_VERSION = 5.0;
				TARGETED_DEVICE_FAMILY = "1,2";
				TEST_TARGET_NAME = TicTacToe;
			};
			name = Debug;
		};
		519BFFFB2936317A0027BF78 /* Release */ = {
			isa = XCBuildConfiguration;
			buildSettings = {
				ALWAYS_EMBED_SWIFT_STANDARD_LIBRARIES = YES;
				CODE_SIGN_STYLE = Automatic;
				CURRENT_PROJECT_VERSION = 1;
				GENERATE_INFOPLIST_FILE = YES;
				MARKETING_VERSION = 1.0;
				PRODUCT_BUNDLE_IDENTIFIER = com.example.TicTacToeUITests;
				PRODUCT_NAME = "$(TARGET_NAME)";
				SWIFT_EMIT_LOC_STRINGS = NO;
				SWIFT_VERSION = 5.0;
				TARGETED_DEVICE_FAMILY = "1,2";
				TEST_TARGET_NAME = TicTacToe;
			};
			name = Release;
		};
/* End XCBuildConfiguration section */

/* Begin XCConfigurationList section */
		519BFFC4293631730027BF78 /* Build configuration list for PBXProject "TicTacToe" */ = {
			isa = XCConfigurationList;
			buildConfigurations = (
				519BFFF12936317A0027BF78 /* Debug */,
				519BFFF22936317A0027BF78 /* Release */,
			);
			defaultConfigurationIsVisible = 0;
			defaultConfigurationName = Release;
		};
		519BFFF32936317A0027BF78 /* Build configuration list for PBXNativeTarget "TicTacToe" */ = {
			isa = XCConfigurationList;
			buildConfigurations = (
				519BFFF42936317A0027BF78 /* Debug */,
				519BFFF52936317A0027BF78 /* Release */,
			);
			defaultConfigurationIsVisible = 0;
			defaultConfigurationName = Release;
		};
		519BFFF62936317A0027BF78 /* Build configuration list for PBXNativeTarget "TicTacToeTests" */ = {
			isa = XCConfigurationList;
			buildConfigurations = (
				519BFFF72936317A0027BF78 /* Debug */,
				519BFFF82936317A0027BF78 /* Release */,
			);
			defaultConfigurationIsVisible = 0;
			defaultConfigurationName = Release;
		};
		519BFFF92936317A0027BF78 /* Build configuration list for PBXNativeTarget "TicTacToeUITests" */ = {
			isa = XCConfigurationList;
			buildConfigurations = (
				519BFFFA2936317A0027BF78 /* Debug */,
				519BFFFB2936317A0027BF78 /* Release */,
			);
			defaultConfigurationIsVisible = 0;
			defaultConfigurationName = Release;
		};
/* End XCConfigurationList section */
	};
	rootObject = 519BFFC1293631730027BF78 /* Project object */;
}
